
Microsoft Visual Studio Solution File, Format Version 12.00
# Visual Studio Version 17
VisualStudioVersion = 17.8.34408.163
MinimumVisualStudioVersion = 10.0.40219.1
Project("{9A19103F-16F7-4668-BE54-9A1E7A4F7556}") = "VeriketApp.Service", "VeriketApp.Service\VeriketApp.Service.csproj", "{42C8864F-1DCE-4ED2-A76B-5FFA0DE2D33A}"
EndProject
Project("{9A19103F-16F7-4668-BE54-9A1E7A4F7556}") = "VeriketApp.Core", "VeriketApp.Core\VeriketApp.Core.csproj", "{E098793C-BAFE-4F16-AF11-4DF441A1739B}"
EndProject
Project("{FAE04EC0-301F-11D3-BF4B-00C04F79EFBC}") = "VeriketApp.Presentation", "VeriketApp.Presentation\VeriketApp.Presentation.csproj", "{EA2A3FEF-6ADD-4C2F-B781-FF80C068B7CB}"
EndProject
Project("{54435603-DBB4-11D2-8724-00A0C9A8B90C}") = "VeriketApp.Installer", "VeriketApp.Installer\VeriketApp.Installer.vdproj", "{BD5085FC-F3FF-45EC-BB1B-CD8A04FEA4EF}"
EndProject
Global
	GlobalSection(SolutionConfigurationPlatforms) = preSolution
		Debug|Any CPU = Debug|Any CPU
		Release|Any CPU = Release|Any CPU
	EndGlobalSection
	GlobalSection(ProjectConfigurationPlatforms) = postSolution
		{42C8864F-1DCE-4ED2-A76B-5FFA0DE2D33A}.Debug|Any CPU.ActiveCfg = Debug|Any CPU
		{42C8864F-1DCE-4ED2-A76B-5FFA0DE2D33A}.Debug|Any CPU.Build.0 = Debug|Any CPU
		{42C8864F-1DCE-4ED2-A76B-5FFA0DE2D33A}.Release|Any CPU.ActiveCfg = Release|Any CPU
		{42C8864F-1DCE-4ED2-A76B-5FFA0DE2D33A}.Release|Any CPU.Build.0 = Release|Any CPU
		{E098793C-BAFE-4F16-AF11-4DF441A1739B}.Debug|Any CPU.ActiveCfg = Debug|Any CPU
		{E098793C-BAFE-4F16-AF11-4DF441A1739B}.Debug|Any CPU.Build.0 = Debug|Any CPU
		{E098793C-BAFE-4F16-AF11-4DF441A1739B}.Release|Any CPU.ActiveCfg = Release|Any CPU
		{E098793C-BAFE-4F16-AF11-4DF441A1739B}.Release|Any CPU.Build.0 = Release|Any CPU
		{EA2A3FEF-6ADD-4C2F-B781-FF80C068B7CB}.Debug|Any CPU.ActiveCfg = Debug|Any CPU
		{EA2A3FEF-6ADD-4C2F-B781-FF80C068B7CB}.Debug|Any CPU.Build.0 = Debug|Any CPU
		{EA2A3FEF-6ADD-4C2F-B781-FF80C068B7CB}.Release|Any CPU.ActiveCfg = Release|Any CPU
		{EA2A3FEF-6ADD-4C2F-B781-FF80C068B7CB}.Release|Any CPU.Build.0 = Release|Any CPU
		{BD5085FC-F3FF-45EC-BB1B-CD8A04FEA4EF}.Debug|Any CPU.ActiveCfg = Debug
		{BD5085FC-F3FF-45EC-BB1B-CD8A04FEA4EF}.Release|Any CPU.ActiveCfg = Release
	EndGlobalSection
	GlobalSection(SolutionProperties) = preSolution
		HideSolutionNode = FALSE
	EndGlobalSection
	GlobalSection(ExtensibilityGlobals) = postSolution
		SolutionGuid = {E9B322A2-ED70-4192-B884-1FDA38D5F249}
	EndGlobalSection
EndGlobal
